// !$*UTF8*$!
{
	archiveVersion = 1;
	classes = {
	};
	objectVersion = 50;
	objects = {

/* Begin PBXBuildFile section */
		312617B923C34C5600730348 /* AppDelegate.swift in Sources */ = {isa = PBXBuildFile; fileRef = 312617B823C34C5600730348 /* AppDelegate.swift */; };
		312617BB23C34C5600730348 /* ViewController.swift in Sources */ = {isa = PBXBuildFile; fileRef = 312617BA23C34C5600730348 /* ViewController.swift */; };
		312617BE23C34C5600730348 /* Main.storyboard in Resources */ = {isa = PBXBuildFile; fileRef = 312617BC23C34C5600730348 /* Main.storyboard */; };
		312617C023C34C5B00730348 /* Assets.xcassets in Resources */ = {isa = PBXBuildFile; fileRef = 312617BF23C34C5B00730348 /* Assets.xcassets */; };
		312617C323C34C5B00730348 /* LaunchScreen.storyboard in Resources */ = {isa = PBXBuildFile; fileRef = 312617C123C34C5B00730348 /* LaunchScreen.storyboard */; };
		312617CE23C34C5B00730348 /* HBO_App1Tests.swift in Sources */ = {isa = PBXBuildFile; fileRef = 312617CD23C34C5B00730348 /* HBO_App1Tests.swift */; };
		312617D923C34C5B00730348 /* HBO_App1UITests.swift in Sources */ = {isa = PBXBuildFile; fileRef = 312617D823C34C5B00730348 /* HBO_App1UITests.swift */; };
/* End PBXBuildFile section */

/* Begin PBXContainerItemProxy section */
		312617CA23C34C5B00730348 /* PBXContainerItemProxy */ = {
			isa = PBXContainerItemProxy;
			containerPortal = 312617AD23C34C5600730348 /* Project object */;
			proxyType = 1;
			remoteGlobalIDString = 312617B423C34C5600730348;
			remoteInfo = "HBO App1";
		};
		312617D523C34C5B00730348 /* PBXContainerItemProxy */ = {
			isa = PBXContainerItemProxy;
			containerPortal = 312617AD23C34C5600730348 /* Project object */;
			proxyType = 1;
			remoteGlobalIDString = 312617B423C34C5600730348;
			remoteInfo = "HBO App1";
		};
/* End PBXContainerItemProxy section */

/* Begin PBXFileReference section */
		312617B523C34C5600730348 /* HBO App1.app */ = {isa = PBXFileReference; explicitFileType = wrapper.application; includeInIndex = 0; path = "HBO App1.app"; sourceTree = BUILT_PRODUCTS_DIR; };
		312617B823C34C5600730348 /* AppDelegate.swift */ = {isa = PBXFileReference; lastKnownFileType = sourcecode.swift; path = AppDelegate.swift; sourceTree = "<group>"; };
		312617BA23C34C5600730348 /* ViewController.swift */ = {isa = PBXFileReference; lastKnownFileType = sourcecode.swift; path = ViewController.swift; sourceTree = "<group>"; };
		312617BD23C34C5600730348 /* Base */ = {isa = PBXFileReference; lastKnownFileType = file.storyboard; name = Base; path = Base.lproj/Main.storyboard; sourceTree = "<group>"; };
		312617BF23C34C5B00730348 /* Assets.xcassets */ = {isa = PBXFileReference; lastKnownFileType = folder.assetcatalog; path = Assets.xcassets; sourceTree = "<group>"; };
		312617C223C34C5B00730348 /* Base */ = {isa = PBXFileReference; lastKnownFileType = file.storyboard; name = Base; path = Base.lproj/LaunchScreen.storyboard; sourceTree = "<group>"; };
		312617C423C34C5B00730348 /* Info.plist */ = {isa = PBXFileReference; lastKnownFileType = text.plist.xml; path = Info.plist; sourceTree = "<group>"; };
		312617C923C34C5B00730348 /* HBO App1Tests.xctest */ = {isa = PBXFileReference; explicitFileType = wrapper.cfbundle; includeInIndex = 0; path = "HBO App1Tests.xctest"; sourceTree = BUILT_PRODUCTS_DIR; };
		312617CD23C34C5B00730348 /* HBO_App1Tests.swift */ = {isa = PBXFileReference; lastKnownFileType = sourcecode.swift; path = HBO_App1Tests.swift; sourceTree = "<group>"; };
		312617CF23C34C5B00730348 /* Info.plist */ = {isa = PBXFileReference; lastKnownFileType = text.plist.xml; path = Info.plist; sourceTree = "<group>"; };
		312617D423C34C5B00730348 /* HBO App1UITests.xctest */ = {isa = PBXFileReference; explicitFileType = wrapper.cfbundle; includeInIndex = 0; path = "HBO App1UITests.xctest"; sourceTree = BUILT_PRODUCTS_DIR; };
		312617D823C34C5B00730348 /* HBO_App1UITests.swift */ = {isa = PBXFileReference; lastKnownFileType = sourcecode.swift; path = HBO_App1UITests.swift; sourceTree = "<group>"; };
		312617DA23C34C5B00730348 /* Info.plist */ = {isa = PBXFileReference; lastKnownFileType = text.plist.xml; path = Info.plist; sourceTree = "<group>"; };
/* End PBXFileReference section */

/* Begin PBXFrameworksBuildPhase section */
		312617B223C34C5600730348 /* Frameworks */ = {
			isa = PBXFrameworksBuildPhase;
			buildActionMask = 2147483647;
			files = (
			);
			runOnlyForDeploymentPostprocessing = 0;
		};
		312617C623C34C5B00730348 /* Frameworks */ = {
			isa = PBXFrameworksBuildPhase;
			buildActionMask = 2147483647;
			files = (
			);
			runOnlyForDeploymentPostprocessing = 0;
		};
		312617D123C34C5B00730348 /* Frameworks */ = {
			isa = PBXFrameworksBuildPhase;
			buildActionMask = 2147483647;
			files = (
			);
			runOnlyForDeploymentPostprocessing = 0;
		};
/* End PBXFrameworksBuildPhase section */

/* Begin PBXGroup section */
		312617AC23C34C5600730348 = {
			isa = PBXGroup;
			children = (
				312617B723C34C5600730348 /* HBO App1 */,
				312617CC23C34C5B00730348 /* HBO App1Tests */,
				312617D723C34C5B00730348 /* HBO App1UITests */,
				312617B623C34C5600730348 /* Products */,
			);
			sourceTree = "<group>";
		};
		312617B623C34C5600730348 /* Products */ = {
			isa = PBXGroup;
			children = (
				312617B523C34C5600730348 /* HBO App1.app */,
				312617C923C34C5B00730348 /* HBO App1Tests.xctest */,
				312617D423C34C5B00730348 /* HBO App1UITests.xctest */,
			);
			name = Products;
			sourceTree = "<group>";
		};
		312617B723C34C5600730348 /* HBO App1 */ = {
			isa = PBXGroup;
			children = (
				312617B823C34C5600730348 /* AppDelegate.swift */,
				312617BA23C34C5600730348 /* ViewController.swift */,
				312617BC23C34C5600730348 /* Main.storyboard */,
				312617BF23C34C5B00730348 /* Assets.xcassets */,
				312617C123C34C5B00730348 /* LaunchScreen.storyboard */,
				312617C423C34C5B00730348 /* Info.plist */,
			);
			path = "HBO App1";
			sourceTree = "<group>";
		};
		312617CC23C34C5B00730348 /* HBO App1Tests */ = {
			isa = PBXGroup;
			children = (
				312617CD23C34C5B00730348 /* HBO_App1Tests.swift */,
				312617CF23C34C5B00730348 /* Info.plist */,
			);
			path = "HBO App1Tests";
			sourceTree = "<group>";
		};
		312617D723C34C5B00730348 /* HBO App1UITests */ = {
			isa = PBXGroup;
			children = (
				312617D823C34C5B00730348 /* HBO_App1UITests.swift */,
				312617DA23C34C5B00730348 /* Info.plist */,
			);
			path = "HBO App1UITests";
			sourceTree = "<group>";
		};
/* End PBXGroup section */

/* Begin PBXNativeTarget section */
		312617B423C34C5600730348 /* HBO App1 */ = {
			isa = PBXNativeTarget;
			buildConfigurationList = 312617DD23C34C5B00730348 /* Build configuration list for PBXNativeTarget "HBO App1" */;
			buildPhases = (
				312617B123C34C5600730348 /* Sources */,
				312617B223C34C5600730348 /* Frameworks */,
				312617B323C34C5600730348 /* Resources */,
			);
			buildRules = (
			);
			dependencies = (
			);
			name = "HBO App1";
			productName = "HBO App1";
			productReference = 312617B523C34C5600730348 /* HBO App1.app */;
			productType = "com.apple.product-type.application";
		};
		312617C823C34C5B00730348 /* HBO App1Tests */ = {
			isa = PBXNativeTarget;
			buildConfigurationList = 312617E023C34C5B00730348 /* Build configuration list for PBXNativeTarget "HBO App1Tests" */;
			buildPhases = (
				312617C523C34C5B00730348 /* Sources */,
				312617C623C34C5B00730348 /* Frameworks */,
				312617C723C34C5B00730348 /* Resources */,
			);
			buildRules = (
			);
			dependencies = (
				312617CB23C34C5B00730348 /* PBXTargetDependency */,
			);
			name = "HBO App1Tests";
			productName = "HBO App1Tests";
			productReference = 312617C923C34C5B00730348 /* HBO App1Tests.xctest */;
			productType = "com.apple.product-type.bundle.unit-test";
		};
		312617D323C34C5B00730348 /* HBO App1UITests */ = {
			isa = PBXNativeTarget;
			buildConfigurationList = 312617E323C34C5B00730348 /* Build configuration list for PBXNativeTarget "HBO App1UITests" */;
			buildPhases = (
				312617D023C34C5B00730348 /* Sources */,
				312617D123C34C5B00730348 /* Frameworks */,
				312617D223C34C5B00730348 /* Resources */,
			);
			buildRules = (
			);
			dependencies = (
				312617D623C34C5B00730348 /* PBXTargetDependency */,
			);
			name = "HBO App1UITests";
			productName = "HBO App1UITests";
			productReference = 312617D423C34C5B00730348 /* HBO App1UITests.xctest */;
			productType = "com.apple.product-type.bundle.ui-testing";
		};
/* End PBXNativeTarget section */

/* Begin PBXProject section */
		312617AD23C34C5600730348 /* Project object */ = {
			isa = PBXProject;
			attributes = {
				LastSwiftUpdateCheck = 1030;
				LastUpgradeCheck = 1030;
				ORGANIZATIONNAME = "Kavindu Nimsara";
				TargetAttributes = {
					312617B423C34C5600730348 = {
						CreatedOnToolsVersion = 10.3;
					};
					312617C823C34C5B00730348 = {
						CreatedOnToolsVersion = 10.3;
						TestTargetID = 312617B423C34C5600730348;
					};
					312617D323C34C5B00730348 = {
						CreatedOnToolsVersion = 10.3;
						TestTargetID = 312617B423C34C5600730348;
					};
				};
			};
			buildConfigurationList = 312617B023C34C5600730348 /* Build configuration list for PBXProject "HBO App1" */;
			compatibilityVersion = "Xcode 9.3";
			developmentRegion = en;
			hasScannedForEncodings = 0;
			knownRegions = (
				en,
				Base,
			);
			mainGroup = 312617AC23C34C5600730348;
			productRefGroup = 312617B623C34C5600730348 /* Products */;
			projectDirPath = "";
			projectRoot = "";
			targets = (
				312617B423C34C5600730348 /* HBO App1 */,
				312617C823C34C5B00730348 /* HBO App1Tests */,
				312617D323C34C5B00730348 /* HBO App1UITests */,
			);
		};
/* End PBXProject section */

/* Begin PBXResourcesBuildPhase section */
		312617B323C34C5600730348 /* Resources */ = {
			isa = PBXResourcesBuildPhase;
			buildActionMask = 2147483647;
			files = (
				312617C323C34C5B00730348 /* LaunchScreen.storyboard in Resources */,
				312617C023C34C5B00730348 /* Assets.xcassets in Resources */,
				312617BE23C34C5600730348 /* Main.storyboard in Resources */,
			);
			runOnlyForDeploymentPostprocessing = 0;
		};
		312617C723C34C5B00730348 /* Resources */ = {
			isa = PBXResourcesBuildPhase;
			buildActionMask = 2147483647;
			files = (
			);
			runOnlyForDeploymentPostprocessing = 0;
		};
		312617D223C34C5B00730348 /* Resources */ = {
			isa = PBXResourcesBuildPhase;
			buildActionMask = 2147483647;
			files = (
			);
			runOnlyForDeploymentPostprocessing = 0;
		};
/* End PBXResourcesBuildPhase section */

/* Begin PBXSourcesBuildPhase section */
		312617B123C34C5600730348 /* Sources */ = {
			isa = PBXSourcesBuildPhase;
			buildActionMask = 2147483647;
			files = (
				312617BB23C34C5600730348 /* ViewController.swift in Sources */,
				312617B923C34C5600730348 /* AppDelegate.swift in Sources */,
			);
			runOnlyForDeploymentPostprocessing = 0;
		};
		312617C523C34C5B00730348 /* Sources */ = {
			isa = PBXSourcesBuildPhase;
			buildActionMask = 2147483647;
			files = (
				312617CE23C34C5B00730348 /* HBO_App1Tests.swift in Sources */,
			);
			runOnlyForDeploymentPostprocessing = 0;
		};
		312617D023C34C5B00730348 /* Sources */ = {
			isa = PBXSourcesBuildPhase;
			buildActionMask = 2147483647;
			files = (
				312617D923C34C5B00730348 /* HBO_App1UITests.swift in Sources */,
			);
			runOnlyForDeploymentPostprocessing = 0;
		};
/* End PBXSourcesBuildPhase section */

/* Begin PBXTargetDependency section */
		312617CB23C34C5B00730348 /* PBXTargetDependency */ = {
			isa = PBXTargetDependency;
			target = 312617B423C34C5600730348 /* HBO App1 */;
			targetProxy = 312617CA23C34C5B00730348 /* PBXContainerItemProxy */;
		};
		312617D623C34C5B00730348 /* PBXTargetDependency */ = {
			isa = PBXTargetDependency;
			target = 312617B423C34C5600730348 /* HBO App1 */;
			targetProxy = 312617D523C34C5B00730348 /* PBXContainerItemProxy */;
		};
/* End PBXTargetDependency section */

/* Begin PBXVariantGroup section */
		312617BC23C34C5600730348 /* Main.storyboard */ = {
			isa = PBXVariantGroup;
			children = (
				312617BD23C34C5600730348 /* Base */,
			);
			name = Main.storyboard;
			sourceTree = "<group>";
		};
		312617C123C34C5B00730348 /* LaunchScreen.storyboard */ = {
			isa = PBXVariantGroup;
			children = (
				312617C223C34C5B00730348 /* Base */,
			);
			name = LaunchScreen.storyboard;
			sourceTree = "<group>";
		};
/* End PBXVariantGroup section */

/* Begin XCBuildConfiguration section */
		312617DB23C34C5B00730348 /* Debug */ = {
			isa = XCBuildConfiguration;
			buildSettings = {
				ALWAYS_SEARCH_USER_PATHS = NO;
				CLANG_ANALYZER_NONNULL = YES;
				CLANG_ANALYZER_NUMBER_OBJECT_CONVERSION = YES_AGGRESSIVE;
				CLANG_CXX_LANGUAGE_STANDARD = "gnu++14";
				CLANG_CXX_LIBRARY = "libc++";
				CLANG_ENABLE_MODULES = YES;
				CLANG_ENABLE_OBJC_ARC = YES;
				CLANG_ENABLE_OBJC_WEAK = YES;
				CLANG_WARN_BLOCK_CAPTURE_AUTORELEASING = YES;
				CLANG_WARN_BOOL_CONVERSION = YES;
				CLANG_WARN_COMMA = YES;
				CLANG_WARN_CONSTANT_CONVERSION = YES;
				CLANG_WARN_DEPRECATED_OBJC_IMPLEMENTATIONS = YES;
				CLANG_WARN_DIRECT_OBJC_ISA_USAGE = YES_ERROR;
				CLANG_WARN_DOCUMENTATION_COMMENTS = YES;
				CLANG_WARN_EMPTY_BODY = YES;
				CLANG_WARN_ENUM_CONVERSION = YES;
				CLANG_WARN_INFINITE_RECURSION = YES;
				CLANG_WARN_INT_CONVERSION = YES;
				CLANG_WARN_NON_LITERAL_NULL_CONVERSION = YES;
				CLANG_WARN_OBJC_IMPLICIT_RETAIN_SELF = YES;
				CLANG_WARN_OBJC_LITERAL_CONVERSION = YES;
				CLANG_WARN_OBJC_ROOT_CLASS = YES_ERROR;
				CLANG_WARN_RANGE_LOOP_ANALYSIS = YES;
				CLANG_WARN_STRICT_PROTOTYPES = YES;
				CLANG_WARN_SUSPICIOUS_MOVE = YES;
				CLANG_WARN_UNGUARDED_AVAILABILITY = YES_AGGRESSIVE;
				CLANG_WARN_UNREACHABLE_CODE = YES;
				CLANG_WARN__DUPLICATE_METHOD_MATCH = YES;
				CODE_SIGN_IDENTITY = "iPhone Developer";
				COPY_PHASE_STRIP = NO;
				DEBUG_INFORMATION_FORMAT = dwarf;
				ENABLE_STRICT_OBJC_MSGSEND = YES;
				ENABLE_TESTABILITY = YES;
				GCC_C_LANGUAGE_STANDARD = gnu11;
				GCC_DYNAMIC_NO_PIC = NO;
				GCC_NO_COMMON_BLOCKS = YES;
				GCC_OPTIMIZATION_LEVEL = 0;
				GCC_PREPROCESSOR_DEFINITIONS = (
					"DEBUG=1",
					"$(inherited)",
				);
				GCC_WARN_64_TO_32_BIT_CONVERSION = YES;
				GCC_WARN_ABOUT_RETURN_TYPE = YES_ERROR;
				GCC_WARN_UNDECLARED_SELECTOR = YES;
				GCC_WARN_UNINITIALIZED_AUTOS = YES_AGGRESSIVE;
				GCC_WARN_UNUSED_FUNCTION = YES;
				GCC_WARN_UNUSED_VARIABLE = YES;
				IPHONEOS_DEPLOYMENT_TARGET = 12.4;
				MTL_ENABLE_DEBUG_INFO = INCLUDE_SOURCE;
				MTL_FAST_MATH = YES;
				ONLY_ACTIVE_ARCH = YES;
				SDKROOT = iphoneos;
				SWIFT_ACTIVE_COMPILATION_CONDITIONS = DEBUG;
				SWIFT_OPTIMIZATION_LEVEL = "-Onone";
			};
			name = Debug;
		};
		312617DC23C34C5B00730348 /* Release */ = {
			isa = XCBuildConfiguration;
			buildSettings = {
				ALWAYS_SEARCH_USER_PATHS = NO;
				CLANG_ANALYZER_NONNULL = YES;
				CLANG_ANALYZER_NUMBER_OBJECT_CONVERSION = YES_AGGRESSIVE;
				CLANG_CXX_LANGUAGE_STANDARD = "gnu++14";
				CLANG_CXX_LIBRARY = "libc++";
				CLANG_ENABLE_MODULES = YES;
				CLANG_ENABLE_OBJC_ARC = YES;
				CLANG_ENABLE_OBJC_WEAK = YES;
				CLANG_WARN_BLOCK_CAPTURE_AUTORELEASING = YES;
				CLANG_WARN_BOOL_CONVERSION = YES;
				CLANG_WARN_COMMA = YES;
				CLANG_WARN_CONSTANT_CONVERSION = YES;
				CLANG_WARN_DEPRECATED_OBJC_IMPLEMENTATIONS = YES;
				CLANG_WARN_DIRECT_OBJC_ISA_USAGE = YES_ERROR;
				CLANG_WARN_DOCUMENTATION_COMMENTS = YES;
				CLANG_WARN_EMPTY_BODY = YES;
				CLANG_WARN_ENUM_CONVERSION = YES;
				CLANG_WARN_INFINITE_RECURSION = YES;
				CLANG_WARN_INT_CONVERSION = YES;
				CLANG_WARN_NON_LITERAL_NULL_CONVERSION = YES;
				CLANG_WARN_OBJC_IMPLICIT_RETAIN_SELF = YES;
				CLANG_WARN_OBJC_LITERAL_CONVERSION = YES;
				CLANG_WARN_OBJC_ROOT_CLASS = YES_ERROR;
				CLANG_WARN_RANGE_LOOP_ANALYSIS = YES;
				CLANG_WARN_STRICT_PROTOTYPES = YES;
				CLANG_WARN_SUSPICIOUS_MOVE = YES;
				CLANG_WARN_UNGUARDED_AVAILABILITY = YES_AGGRESSIVE;
				CLANG_WARN_UNREACHABLE_CODE = YES;
				CLANG_WARN__DUPLICATE_METHOD_MATCH = YES;
				CODE_SIGN_IDENTITY = "iPhone Developer";
				COPY_PHASE_STRIP = NO;
				DEBUG_INFORMATION_FORMAT = "dwarf-with-dsym";
				ENABLE_NS_ASSERTIONS = NO;
				ENABLE_STRICT_OBJC_MSGSEND = YES;
				GCC_C_LANGUAGE_STANDARD = gnu11;
				GCC_NO_COMMON_BLOCKS = YES;
				GCC_WARN_64_TO_32_BIT_CONVERSION = YES;
				GCC_WARN_ABOUT_RETURN_TYPE = YES_ERROR;
				GCC_WARN_UNDECLARED_SELECTOR = YES;
				GCC_WARN_UNINITIALIZED_AUTOS = YES_AGGRESSIVE;
				GCC_WARN_UNUSED_FUNCTION = YES;
				GCC_WARN_UNUSED_VARIABLE = YES;
				IPHONEOS_DEPLOYMENT_TARGET = 12.4;
				MTL_ENABLE_DEBUG_INFO = NO;
				MTL_FAST_MATH = YES;
				SDKROOT = iphoneos;
				SWIFT_COMPILATION_MODE = wholemodule;
				SWIFT_OPTIMIZATION_LEVEL = "-O";
				VALIDATE_PRODUCT = YES;
			};
			name = Release;
		};
		312617DE23C34C5B00730348 /* Debug */ = {
			isa = XCBuildConfiguration;
			buildSettings = {
				ASSETCATALOG_COMPILER_APPICON_NAME = AppIcon;
				CODE_SIGN_STYLE = Automatic;
				INFOPLIST_FILE = "HBO App1/Info.plist";
				LD_RUNPATH_SEARCH_PATHS = (
					"$(inherited)",
					"@executable_path/Frameworks",
				);
				PRODUCT_BUNDLE_IDENTIFIER = "kavindu.HBO-App1";
				PRODUCT_NAME = "$(TARGET_NAME)";
				SWIFT_VERSION = 5.0;
				TARGETED_DEVICE_FAMILY = "1,2";
			};
			name = Debug;
		};
		312617DF23C34C5B00730348 /* Release */ = {
			isa = XCBuildConfiguration;
			buildSettings = {
				ASSETCATALOG_COMPILER_APPICON_NAME = AppIcon;
				CODE_SIGN_STYLE = Automatic;
				INFOPLIST_FILE = "HBO App1/Info.plist";
				LD_RUNPATH_SEARCH_PATHS = (
					"$(inherited)",
					"@executable_path/Frameworks",
				);
				PRODUCT_BUNDLE_IDENTIFIER = "kavindu.HBO-App1";
				PRODUCT_NAME = "$(TARGET_NAME)";
				SWIFT_VERSION = 5.0;
				TARGETED_DEVICE_FAMILY = "1,2";
			};
			name = Release;
		};
		312617E123C34C5B00730348 /* Debug */ = {
			isa = XCBuildConfiguration;
			buildSettings = {
				ALWAYS_EMBED_SWIFT_STANDARD_LIBRARIES = YES;
				BUNDLE_LOADER = "$(TEST_HOST)";
				CODE_SIGN_STYLE = Automatic;
				INFOPLIST_FILE = "HBO App1Tests/Info.plist";
				LD_RUNPATH_SEARCH_PATHS = (
					"$(inherited)",
					"@executable_path/Frameworks",
					"@loader_path/Frameworks",
				);
				PRODUCT_BUNDLE_IDENTIFIER = "kavindu.HBO-App1Tests";
				PRODUCT_NAME = "$(TARGET_NAME)";
				SWIFT_VERSION = 5.0;
				TARGETED_DEVICE_FAMILY = "1,2";
				TEST_HOST = "$(BUILT_PRODUCTS_DIR)/HBO App1.app/HBO App1";
			};
			name = Debug;
		};
		312617E223C34C5B00730348 /* Release */ = {
			isa = XCBuildConfiguration;
			buildSettings = {
				ALWAYS_EMBED_SWIFT_STANDARD_LIBRARIES = YES;
				BUNDLE_LOADER = "$(TEST_HOST)";
				CODE_SIGN_STYLE = Automatic;
				INFOPLIST_FILE = "HBO App1Tests/Info.plist";
				LD_RUNPATH_SEARCH_PATHS = (
					"$(inherited)",
					"@executable_path/Frameworks",
					"@loader_path/Frameworks",
				);
				PRODUCT_BUNDLE_IDENTIFIER = "kavindu.HBO-App1Tests";
				PRODUCT_NAME = "$(TARGET_NAME)";
				SWIFT_VERSION = 5.0;
				TARGETED_DEVICE_FAMILY = "1,2";
				TEST_HOST = "$(BUILT_PRODUCTS_DIR)/HBO App1.app/HBO App1";
			};
			name = Release;
		};
		312617E423C34C5B00730348 /* Debug */ = {
			isa = XCBuildConfiguration;
			buildSettings = {
				ALWAYS_EMBED_SWIFT_STANDARD_LIBRARIES = YES;
				CODE_SIGN_STYLE = Automatic;
				INFOPLIST_FILE = "HBO App1UITests/Info.plist";
				LD_RUNPATH_SEARCH_PATHS = (
					"$(inherited)",
					"@executable_path/Frameworks",
					"@loader_path/Frameworks",
				);
				PRODUCT_BUNDLE_IDENTIFIER = "kavindu.HBO-App1UITests";
				PRODUCT_NAME = "$(TARGET_NAME)";
				SWIFT_VERSION = 5.0;
				TARGETED_DEVICE_FAMILY = "1,2";
				TEST_TARGET_NAME = "HBO App1";
			};
			name = Debug;
		};
		312617E523C34C5B00730348 /* Release */ = {
			isa = XCBuildConfiguration;
			buildSettings = {
				ALWAYS_EMBED_SWIFT_STANDARD_LIBRARIES = YES;
				CODE_SIGN_STYLE = Automatic;
				INFOPLIST_FILE = "HBO App1UITests/Info.plist";
				LD_RUNPATH_SEARCH_PATHS = (
					"$(inherited)",
					"@executable_path/Frameworks",
					"@loader_path/Frameworks",
				);
				PRODUCT_BUNDLE_IDENTIFIER = "kavindu.HBO-App1UITests";
				PRODUCT_NAME = "$(TARGET_NAME)";
				SWIFT_VERSION = 5.0;
				TARGETED_DEVICE_FAMILY = "1,2";
				TEST_TARGET_NAME = "HBO App1";
			};
			name = Release;
		};
/* End XCBuildConfiguration section */

/* Begin XCConfigurationList section */
		312617B023C34C5600730348 /* Build configuration list for PBXProject "HBO App1" */ = {
			isa = XCConfigurationList;
			buildConfigurations = (
				312617DB23C34C5B00730348 /* Debug */,
				312617DC23C34C5B00730348 /* Release */,
			);
			defaultConfigurationIsVisible = 0;
			defaultConfigurationName = Release;
		};
		312617DD23C34C5B00730348 /* Build configuration list for PBXNativeTarget "HBO App1" */ = {
			isa = XCConfigurationList;
			buildConfigurations = (
				312617DE23C34C5B00730348 /* Debug */,
				312617DF23C34C5B00730348 /* Release */,
			);
			defaultConfigurationIsVisible = 0;
			defaultConfigurationName = Release;
		};
		312617E023C34C5B00730348 /* Build configuration list for PBXNativeTarget "HBO App1Tests" */ = {
			isa = XCConfigurationList;
			buildConfigurations = (
				312617E123C34C5B00730348 /* Debug */,
				312617E223C34C5B00730348 /* Release */,
			);
			defaultConfigurationIsVisible = 0;
			defaultConfigurationName = Release;
		};
		312617E323C34C5B00730348 /* Build configuration list for PBXNativeTarget "HBO App1UITests" */ = {
			isa = XCConfigurationList;
			buildConfigurations = (
				312617E423C34C5B00730348 /* Debug */,
				312617E523C34C5B00730348 /* Release */,
			);
			defaultConfigurationIsVisible = 0;
			defaultConfigurationName = Release;
		};
/* End XCConfigurationList section */
	};
	rootObject = 312617AD23C34C5600730348 /* Project object */;
}
